# @generated by Move, please check-in and do not edit manually.

[move]
version = 3
manifest_digest = "9C1FF13CFBAECFDB6402A2E0952FDA85BE3719E6D1FD0682D63A6CD7A8E92ED6"
deps_digest = "F8BBB0CCB2491CA29A3DF03D6F92277A4F3574266507ACD77214D37ECA3F3082"

dependencies = [
  { id = "C-resolved", name = "C-rename" },
]

[[move.package]]
id = "C-resolved"
source = { local = "../C-rename-v1" }
