# @generated by Move, please check-in and do not edit manually.

[move]
version = 0
manifest_digest = "ECEC35FC15FC8405A161D8B4EE9FC2C34867387D0BEB72842BBD7953112D7724"
deps_digest = "697693C352BE862FAA0E9A5FDBAE763C671820049690DD3BC6E542FF70BF3089"

dependencies = [
  { name = "E" },
]

[[move.package]]
name = "E"
source = { local = "../E" }
