# @generated by Move, please check-in and do not edit manually.

[move]
version = 0
manifest_digest = "5EDC4495EB1E648D2099207F79D616639179085FA517FC2CE705753805534B04"
deps_digest = "112928C94A84031C09CD9B9D1D44B149B73FC0EEA5FA8D8B2D7CA4D91936335A"

dependencies = [
  { name = "Sui" },
]

[[move.package]]
name = "MoveStdlib"
source = { local = "../../../../../sui-framework/packages/move-stdlib" }

[[move.package]]
name = "Sui"
source = { local = "../../../../../sui-framework/packages/sui-framework" }

dependencies = [
  { name = "MoveStdlib" },
]
