# Generated by move; do not edit
# This file should be checked in.

[pinned.mainnet.depends_a_b]
source = { local = "../depends_a_b" }
manifest_digest = "595468338B31027024E1738BBD770C96D2A0486AB229B200F1AACB1225BB9BB7"
deps = { pkg_a = "pkg_a", pkg_b = "pkg_b" }

[pinned.mainnet.graph]
source = { local = "." }
manifest_digest = "AFEB4A8C279D0717F2637B1F8B63E9B1865DCE77504B4E138A72A02584DFB050"
deps = { depends_a_b = "depends_a_b", nodeps = "nodeps" }

[pinned.mainnet.nodeps]
source = { local = "../nodeps" }
manifest_digest = "0753E02C323CD9EDB4AD9EAB25C9E71E61A9109D11FFD06FF781945F10DC1853"
deps = {}

[pinned.mainnet.pkg_a]
source = { local = "../pkg_a" }
manifest_digest = "F76219D220454F89C46AE59D1BE2D6F2AC6252D7AF2A71E7EDD9888A8DDCD60A"
deps = {}

[pinned.mainnet.pkg_b]
source = { local = "../pkg_b" }
manifest_digest = "E6F885A3262D84E3C7ECEA9074A47CE2EAE2D2F6285FA6A20553A3021B4CBB8F"
deps = {}

[pinned.testnet.depends_a_b]
source = { local = "../depends_a_b" }
manifest_digest = "595468338B31027024E1738BBD770C96D2A0486AB229B200F1AACB1225BB9BB7"
deps = { pkg_a = "pkg_a", pkg_b = "pkg_b" }

[pinned.testnet.graph]
source = { local = "." }
manifest_digest = "AFEB4A8C279D0717F2637B1F8B63E9B1865DCE77504B4E138A72A02584DFB050"
deps = { depends_a_b = "depends_a_b", nodeps = "nodeps" }

[pinned.testnet.nodeps]
source = { local = "../nodeps" }
manifest_digest = "0753E02C323CD9EDB4AD9EAB25C9E71E61A9109D11FFD06FF781945F10DC1853"
deps = {}

[pinned.testnet.pkg_a]
source = { local = "../pkg_a" }
manifest_digest = "F76219D220454F89C46AE59D1BE2D6F2AC6252D7AF2A71E7EDD9888A8DDCD60A"
deps = {}

[pinned.testnet.pkg_b]
source = { local = "../pkg_b" }
manifest_digest = "E6F885A3262D84E3C7ECEA9074A47CE2EAE2D2F6285FA6A20553A3021B4CBB8F"
deps = {}
