[move]
version = 4

[pinned.mainnet.example]
source = { local = "." }
manifest_digest = "..."

deps.std = "MoveStdlib"
deps.sui = "Sui"
deps.foo = "Foo_0" # ensure rename-from is respected
deps.non = "Foo_1" # ensure rename-from is respected
deps.bar = "bar"

[pinned.mainnet.MoveStdlib]
source = { git = "...", path = "...", rev = "da39a3ee5e6b4b0d3255bfef95601890afd80709" }
manifest_digest = "..."
deps = {}

[pinned.mainnet.Sui]
source = { git = "...", path = "...", rev = "da39a3ee5e6b4b0d3255bfef95601890afd80709" }
manifest_digest = "..."
deps.std = "MoveStdlib"

[pinned.mainnet.Foo_0]
source = { git = "...", path = "...", rev = "da39a3ee5e6b4b0d3255bfef95601890afd80709" }
manifest_digest = "..."
deps.std = "MoveStdlib"
deps.sui = "Sui"

[pinned.mainnet.Foo_1]
source = { git = "...", path = "...", rev = "da39a3ee5e6b4b0d3255bfef95601890afd80709" }
manifest_digest = "..."
deps.std = "MoveStdlib"
deps.sui = "Sui"

[pinned.mainnet.bar]
source = { git = "...", path = "...", rev = "da39a3ee5e6b4b0d3255bfef95601890afd80709" }
manifest_digest = "..."
deps.baz = "baz"
deps.std = "MoveStdlib"
deps.sui = "Sui"

[pinned.mainnet.baz]
source = { git = "...", path = "...", rev = "da39a3ee5e6b4b0d3255bfef95601890afd80709" }
manifest_digest = "..."
deps.std = "MoveStdlib"
deps.sui = "Sui"

[pinned.testnet.example]
source = { local = "." }
manifest_digest = "..."

deps.std = "MoveStdlib"
deps.sui = "Sui"
deps.foo = "Foo_0" # ensure rename-from is respected
deps.non = "Foo_1" # ensure rename-from is respected
deps.bar = "bar"

[pinned.testnet.MoveStdlib]
source = { git = "...", path = "...", rev = "da39a3ee5e6b4b0d3255bfef95601890afd80709" }
manifest_digest = "..."
deps = {}


[published.mainnet] # metadata from most recent publish to mainnet
chain-id = "35834a8a"
published-at = "0x6ba0cc1a418ff3bebce0ff9ec3961e6cc794af9bc3a4114fb138d00a4c9274bb"
original-id  = "0x6ba0cc1a418ff3bebce0ff9ec3961e6cc794af9bc3a4114fb138d00a4c9274bb"
upgrade-cap = "0x6ba0cc1a418ff3bebce0ff9ec3961e6cc794af9bc3a4114fb138d00a4c9274bb"

toolchain-version = "1.45"
build-config = "..."

[published.mainnet.dependencies]
# pinned transitive dependencies from most recent publish to mainnet
# these are only used for source verification
std = { git = "", rev = "7a8d873f5a190aede5876fd0ccca79ac1e8bd2b0" }

[published.testnet] # metadata from most recent publish to testnet
chain-id = "4c78adac"
published-at = "0x6ba0cc1a418ff3bebce0ff9ec3961e6cc794af9bc3a4114fb138d00a4c9274bb"
original-id = "0x6ba0cc1a418ff3bebce0ff9ec3961e6cc794af9bc3a4114fb138d00a4c9274bb"
upgrade-cap = "0x6ba0cc1a418ff3bebce0ff9ec3961e6cc794af9bc3a4114fb138d00a4c9274bb"
toolchain-version = "1.45"
build-config = "..."

[published.testnet.dependencies]
std = { git = "", rev = "7a8d873f5a190aede5876fd0ccca79ac1e8bd2b0" }
sui = { git = "", rev = "7a8d873f5a190aede5876fd0ccca79ac1e8bd2b0" }

