# Generated by move; do not edit
# This file should be checked in.

[move]
version = 4

[pinned.testnet.dep]
source = { local = "locked_dep_path" }
use_environment = "testnet"
manifest_digest = "C4FE4C91DE74CBF223B2E380AE40F592177D21870DC2D7EB6227D2D694E05363"
deps = {}

[pinned.testnet.example]
source = { root = true }
use_environment = "testnet"
manifest_digest = "83F63B447BFCA297A62E4DBC1249BA02B7627B1DFEFA46F1AF8C87CF42622F1D"
deps = { dep = "dep" }
