# @generated by Move, please check-in and do not edit manually.

[move]
version = 0
manifest_digest = "AFCC8C08D078426D5FE98FB22E21578C4A7B9C1259C6EE53BEF2861BB801C976"
deps_digest = "F8BBB0CCB2491CA29A3DF03D6F92277A4F3574266507ACD77214D37ECA3F3082"

dependencies = [
  { name = "Sui" },
]

[[move.package]]
name = "MoveStdlib"
source = { local = "../../../../../../crates/sui-framework/packages/move-stdlib" }

[[move.package]]
name = "Sui"
source = { local = "../../../../../../crates/sui-framework/packages/sui-framework" }

dependencies = [
  { name = "MoveStdlib" },
]

[move.toolchain-version]
compiler-version = "1.30.0"
edition = "2024.beta"
flavor = "sui"
