# @generated by Move, please check-in and do not edit manually.

[move]
version = 3
manifest_digest = "75D6B38EF6B7C3605803619F46F60D48FF1F9B21AA88FE9735FA8753B76E2692"
deps_digest = "E3B0C44298FC1C149AFBF4C8996FB92427AE41E4649B934CA495991B7852B855"

[move.toolchain-version]
compiler-version = "1.40.0"
edition = "2024.beta"
flavor = "sui"

[env]

[env.localnet]
chain-id = "localnet"
original-published-id = "0x860faae0287777916571fc1ee341807534f468697519a7e13b8f1b9debbc4e6e"
latest-published-id = "0x860faae0287777916571fc1ee341807534f468697519a7e13b8f1b9debbc4e6e"
published-version = "1"

