# @generated by Move, please check-in and do not edit manually.

[move]
version = 3
manifest_digest = "EB5AB2DFC86E6D3D2FE98D626C2162A4C7344F2A3C485FE58DD6C339CD5E73CF"
deps_digest = "F8BBB0CCB2491CA29A3DF03D6F92277A4F3574266507ACD77214D37ECA3F3082"

dependencies = [
  { id = "C-resolved", name = "C-rename" },
]

[[move.package]]
id = "C-resolved"
source = { local = "../C-rename-v2" }
