# @generated by Move, please check-in and do not edit manually.

[move]
version = 0
manifest_digest = "AF0E7955B339761CDD344189F686FDABE175B3BE8F928488D1F50AB4FB4A685D"
deps_digest = "F71A200A8561E46B0AB065FAA525F57CA5E755F304FE4A0D6AEBC85B594EAD5F"

dependencies = [
  { name = "C" },
  { name = "D" },
]

[[move.package]]
name = "C"
source = { local = "deps_only/C" }

dependencies = [
  { name = "E" },
]

[[move.package]]
name = "D"
source = { local = "deps_only/D" }

dependencies = [
  { name = "F" },
]

[[move.package]]
name = "E"
source = { local = "deps_only/E" }

[[move.package]]
name = "F"
source = { local = "deps_only/F" }
