# Generated by move; do not edit
# This file should be checked in.

[move]
version = 4

[pinned._test_env.bar]
source = { local = "../bar" }
manifest_digest = "cab4"
deps = {}

[pinned._test_env.baz]
source = { local = "../baz" }
manifest_digest = "cab3"
deps = { bar = "bar" }

[pinned._test_env.example]
source = { root = true }
manifest_digest = "cb4a8948faa586ccc1694d80e25941a5227d8b9e"
deps = { baz = "baz" }
