{
  "name": "prettier-plugin-move",
  "version": "0.0.12",
  "lockfileVersion": 3,
  "requires": true,
  "packages": {
    "": {
      "name": "prettier-plugin-move",
      "version": "0.0.12",
      "license": "Apache-2.0",
      "dependencies": {
        "prettier": "^3.3.2",
        "web-tree-sitter": "0.20.8"
      },
      "devDependencies": {
        "@types/diff": "^5.2.1",
        "@types/node": "20.10.6",
        "diff": "^5.2.0",
        "typescript": "5.3.3",
        "vitest": "^1.6.0"
      }
    },
    "../../../../../node_modules/.pnpm/@types+diff@5.2.1/node_modules/@types/diff": {
      "version": "5.2.1",
      "dev": true,
      "license": "MIT"
    },
    "../../../../../node_modules/.pnpm/@types+node@20.10.6/node_modules/@types/node": {
      "version": "20.10.6",
      "dev": true,
      "license": "MIT",
      "dependencies": {
        "undici-types": "~5.26.4"
      }
    },
    "../../../../../node_modules/.pnpm/diff@5.2.0/node_modules/diff": {
      "version": "5.2.0",
      "dev": true,
      "license": "BSD-3-Clause",
      "devDependencies": {
        "@babel/cli": "^7.2.3",
        "@babel/core": "^7.2.2",
        "@babel/plugin-transform-modules-commonjs": "^7.2.0",
        "@babel/preset-env": "^7.2.3",
        "@babel/register": "^7.0.0",
        "@colors/colors": "^1.3.3",
        "babel-eslint": "^10.0.1",
        "babel-loader": "^8.0.5",
        "chai": "^4.2.0",
        "eslint": "^5.12.0",
        "grunt": "^1.0.3",
        "grunt-babel": "^8.0.0",
        "grunt-cli": "^1.3.2",
        "grunt-contrib-clean": "^2.0.0",
        "grunt-contrib-copy": "^1.0.0",
        "grunt-contrib-uglify": "^5.0.0",
        "grunt-contrib-watch": "^1.1.0",
        "grunt-eslint": "^23.0.0",
        "grunt-exec": "^3.0.0",
        "grunt-karma": "^4.0.0",
        "grunt-mocha-istanbul": "^5.0.2",
        "grunt-mocha-test": "^0.13.3",
        "grunt-webpack": "^3.1.3",
        "istanbul": "github:kpdecker/istanbul",
        "karma": "^6.3.16",
        "karma-chrome-launcher": "^3.1.0",
        "karma-mocha": "^2.0.1",
        "karma-mocha-reporter": "^2.0.0",
        "karma-sauce-launcher": "^4.1.5",
        "karma-sourcemap-loader": "^0.3.6",
        "karma-webpack": "^4.0.2",
        "mocha": "^6.0.0",
        "rollup": "^1.0.2",
        "rollup-plugin-babel": "^4.2.0",
        "semver": "^7.3.2",
        "webpack": "^4.28.3",
        "webpack-dev-server": "^3.1.14"
      },
      "engines": {
        "node": ">=0.3.1"
      }
    },
    "../../../../../node_modules/.pnpm/prettier@3.3.2/node_modules/prettier": {
      "version": "3.3.2",
      "license": "MIT",
      "bin": {
        "prettier": "bin/prettier.cjs"
      },
      "engines": {
        "node": ">=14"
      },
      "funding": {
        "url": "https://github.com/prettier/prettier?sponsor=1"
      }
    },
    "../../../../../node_modules/.pnpm/typescript@5.3.3/node_modules/typescript": {
      "version": "5.3.3",
      "dev": true,
      "license": "Apache-2.0",
      "bin": {
        "tsc": "bin/tsc",
        "tsserver": "bin/tsserver"
      },
      "devDependencies": {
        "@esfx/canceltoken": "^1.0.0",
        "@octokit/rest": "^19.0.13",
        "@types/chai": "^4.3.4",
        "@types/glob": "^8.1.0",
        "@types/microsoft__typescript-etw": "^0.1.1",
        "@types/minimist": "^1.2.2",
        "@types/mocha": "^10.0.1",
        "@types/ms": "^0.7.31",
        "@types/node": "latest",
        "@types/source-map-support": "^0.5.6",
        "@types/which": "^2.0.1",
        "@typescript-eslint/eslint-plugin": "^6.0.0",
        "@typescript-eslint/parser": "^6.0.0",
        "@typescript-eslint/utils": "^6.0.0",
        "azure-devops-node-api": "^12.0.0",
        "c8": "^7.14.0",
        "chai": "^4.3.7",
        "chalk": "^4.1.2",
        "chokidar": "^3.5.3",
        "diff": "^5.1.0",
        "dprint": "^0.42.3",
        "esbuild": "^0.19.0",
        "eslint": "^8.22.0",
        "eslint-formatter-autolinkable-stylish": "^1.2.0",
        "eslint-plugin-local": "^1.0.0",
        "eslint-plugin-no-null": "^1.0.2",
        "eslint-plugin-simple-import-sort": "^10.0.0",
        "fast-xml-parser": "^4.0.11",
        "glob": "^8.1.0",
        "hereby": "^1.6.4",
        "jsonc-parser": "^3.2.0",
        "minimist": "^1.2.8",
        "mocha": "^10.2.0",
        "mocha-fivemat-progress-reporter": "^0.1.0",
        "ms": "^2.1.3",
        "node-fetch": "^3.2.10",
        "playwright": "^1.38.0",
        "source-map-support": "^0.5.21",
        "tslib": "^2.5.0",
        "typescript": "^5.0.2",
        "which": "^2.0.2"
      },
      "engines": {
        "node": ">=14.17"
      }
    },
    "../../../../../node_modules/.pnpm/vitest@1.6.0_@types+node@20.10.6/node_modules/vitest": {
      "version": "1.6.0",
      "dev": true,
      "license": "MIT",
      "dependencies": {
        "@vitest/expect": "1.6.0",
        "@vitest/runner": "1.6.0",
        "@vitest/snapshot": "1.6.0",
        "@vitest/spy": "1.6.0",
        "@vitest/utils": "1.6.0",
        "acorn-walk": "^8.3.2",
        "chai": "^4.3.10",
        "debug": "^4.3.4",
        "execa": "^8.0.1",
        "local-pkg": "^0.5.0",
        "magic-string": "^0.30.5",
        "pathe": "^1.1.1",
        "picocolors": "^1.0.0",
        "std-env": "^3.5.0",
        "strip-literal": "^2.0.0",
        "tinybench": "^2.5.1",
        "tinypool": "^0.8.3",
        "vite": "^5.0.0",
        "vite-node": "1.6.0",
        "why-is-node-running": "^2.2.2"
      },
      "bin": {
        "vitest": "vitest.mjs"
      },
      "devDependencies": {
        "@ampproject/remapping": "^2.2.1",
        "@antfu/install-pkg": "^0.3.1",
        "@edge-runtime/vm": "^3.1.8",
        "@sinonjs/fake-timers": "11.1.0",
        "@types/estree": "^1.0.5",
        "@types/istanbul-lib-coverage": "^2.0.6",
        "@types/istanbul-reports": "^3.0.4",
        "@types/jsdom": "^21.1.6",
        "@types/micromatch": "^4.0.6",
        "@types/node": "^20.11.5",
        "@types/prompts": "^2.4.9",
        "@types/sinonjs__fake-timers": "^8.1.5",
        "birpc": "0.2.15",
        "cac": "^6.7.14",
        "chai-subset": "^1.6.0",
        "cli-truncate": "^4.0.0",
        "expect-type": "^0.17.3",
        "fast-glob": "^3.3.2",
        "find-up": "^6.3.0",
        "flatted": "^3.2.9",
        "get-tsconfig": "^4.7.3",
        "happy-dom": "^14.3.10",
        "jsdom": "^24.0.0",
        "log-update": "^5.0.1",
        "micromatch": "^4.0.5",
        "p-limit": "^5.0.0",
        "pretty-format": "^29.7.0",
        "prompts": "^2.4.2",
        "strip-ansi": "^7.1.0",
        "ws": "^8.14.2"
      },
      "engines": {
        "node": "^18.0.0 || >=20.0.0"
      },
      "funding": {
        "url": "https://opencollective.com/vitest"
      },
      "peerDependencies": {
        "@edge-runtime/vm": "*",
        "@types/node": "^18.0.0 || >=20.0.0",
        "@vitest/browser": "1.6.0",
        "@vitest/ui": "1.6.0",
        "happy-dom": "*",
        "jsdom": "*"
      },
      "peerDependenciesMeta": {
        "@edge-runtime/vm": {
          "optional": true
        },
        "@types/node": {
          "optional": true
        },
        "@vitest/browser": {
          "optional": true
        },
        "@vitest/ui": {
          "optional": true
        },
        "happy-dom": {
          "optional": true
        },
        "jsdom": {
          "optional": true
        }
      }
    },
    "../../../../../node_modules/.pnpm/web-tree-sitter@0.20.8/node_modules/web-tree-sitter": {
      "version": "0.20.8",
      "license": "MIT",
      "devDependencies": {
        "chai": "^4.3.7",
        "mocha": "^10.2.0",
        "terser": "^5.16.6"
      }
    },
    "node_modules/@types/diff": {
      "resolved": "../../../../../node_modules/.pnpm/@types+diff@5.2.1/node_modules/@types/diff",
      "link": true
    },
    "node_modules/@types/node": {
      "resolved": "../../../../../node_modules/.pnpm/@types+node@20.10.6/node_modules/@types/node",
      "link": true
    },
    "node_modules/diff": {
      "resolved": "../../../../../node_modules/.pnpm/diff@5.2.0/node_modules/diff",
      "link": true
    },
    "node_modules/prettier": {
      "resolved": "../../../../../node_modules/.pnpm/prettier@3.3.2/node_modules/prettier",
      "link": true
    },
    "node_modules/typescript": {
      "resolved": "../../../../../node_modules/.pnpm/typescript@5.3.3/node_modules/typescript",
      "link": true
    },
    "node_modules/vitest": {
      "resolved": "../../../../../node_modules/.pnpm/vitest@1.6.0_@types+node@20.10.6/node_modules/vitest",
      "link": true
    },
    "node_modules/web-tree-sitter": {
      "resolved": "../../../../../node_modules/.pnpm/web-tree-sitter@0.20.8/node_modules/web-tree-sitter",
      "link": true
    }
  }
}
