# @generated by Move, please check-in and do not edit manually.

[move]
version = 1
manifest_digest = "774F1883683AAACD2512A2B6C01188350E10E5A035E065A8CF110CE44A564509"
deps_digest = "E3B0C44298FC1C149AFBF4C8996FB92427AE41E4649B934CA495991B7852B855"

[move.toolchain-version]
compiler-version = "1.22.0"
edition = "legacy"
flavor = "sui"
