# @generated by Move, please check-in and do not edit manually.

[move]
version = 1
manifest_digest = "0890647FF1B6D1A3ACBC9C56BE2A696623321284A8A0BB2705F11FBB5697CD39"
deps_digest = "E3B0C44298FC1C149AFBF4C8996FB92427AE41E4649B934CA495991B7852B855"

[move.toolchain-version]
compiler-version = "1.22.0"
edition = "legacy"
flavor = "sui"
