# @generated by Move, please check-in and do not edit manually.

[move]
version = 0
manifest_digest = "405BD6967F4F9F42077B12CCED7649A28B2FD4674D9B8B09669FDD0135019838"
deps_digest = "E3B0C44298FC1C149AFBF4C8996FB92427AE41E4649B934CA495991B7852B855"

[move.toolchain-version]
compiler-version = "1.20.0"
edition = "legacy"
flavor = "sui"
