# Generated by move; do not edit
# This file should be checked in.

[move]
version = 4

[pinned.testnet.MoveStdlib]
source = { local = "../move-stdlib" }
use_environment = "testnet"
manifest_digest = "774F1883683AAACD2512A2B6C01188350E10E5A035E065A8CF110CE44A564509"
deps = {}

[pinned.testnet.Sui]
source = { local = "../sui-framework" }
use_environment = "testnet"
manifest_digest = "ED5DEFBBF556EE89312E639A53F21DE24320F9B13C2087D3BFE2989D5B2B5DAF"
deps = { MoveStdlib = "MoveStdlib" }

[pinned.testnet.SuiSystem]
source = { root = true }
use_environment = "testnet"
manifest_digest = "68AEB9354EE1D616F6D2293EC721FE3D7E810FEC4FE34197676ECFA3DA72CAE3"
deps = { MoveStdlib = "MoveStdlib", Sui = "Sui" }
