# @generated by Move, please check-in and do not edit manually.

[move]
version = 1
manifest_digest = "68AEB9354EE1D616F6D2293EC721FE3D7E810FEC4FE34197676ECFA3DA72CAE3"
deps_digest = "3C4103934B1E040BB6B23F1D610B4EF9F2F1166A50A104EADCF77467C004C600"

dependencies = [
  { name = "MoveStdlib" },
  { name = "Sui" },
]

[[move.package]]
name = "MoveStdlib"
source = { local = "../move-stdlib" }

[[move.package]]
name = "Sui"
source = { local = "../sui-framework" }

dependencies = [
  { name = "MoveStdlib" },
]

[move.toolchain-version]
compiler-version = "1.22.0"
edition = "legacy"
flavor = "sui"
