# @generated by Move, please check-in and do not edit manually.

[move]
version = 0
manifest_digest = "56E6EDCD4BC51EB707D183974A323F30BBE2D9AB871D7AD51D0D80D79DF56A97"
deps_digest = "3C4103934B1E040BB6B23F1D610B4EF9F2F1166A50A104EADCF77467C004C600"

dependencies = [
  { name = "MoveStdlib" },
  { name = "Sui" },
]

[[move.package]]
name = "MoveStdlib"
source = { local = "../move-stdlib" }

[[move.package]]
name = "Sui"
source = { local = "../sui-framework" }

dependencies = [
  { name = "MoveStdlib" },
]

[move.toolchain-version]
compiler-version = "1.17.0"
edition = "legacy"
flavor = "sui"
