# Generated by move; do not edit
# This file should be checked in.

[move]
version = 4

[pinned.testnet.DeepBook]
source = { root = true }
use_environment = "testnet"
manifest_digest = "E7FF1D7441FA0105B981EE018AEF168A18B22984DEABBF2F111AA6FBB3C3CB81"
deps = { MoveStdlib = "MoveStdlib", Sui = "Sui" }

[pinned.testnet.MoveStdlib]
source = { local = "../move-stdlib" }
use_environment = "testnet"
manifest_digest = "774F1883683AAACD2512A2B6C01188350E10E5A035E065A8CF110CE44A564509"
deps = {}

[pinned.testnet.Sui]
source = { local = "../sui-framework" }
use_environment = "testnet"
manifest_digest = "ED5DEFBBF556EE89312E639A53F21DE24320F9B13C2087D3BFE2989D5B2B5DAF"
deps = { MoveStdlib = "MoveStdlib" }
