# @generated by Move, please check-in and do not edit manually.

[move]
version = 0
manifest_digest = "767739C9147CAC379CE17A273955EE03EF28351CE7D26C3C286A02AAA14FB302"
deps_digest = "F8BBB0CCB2491CA29A3DF03D6F92277A4F3574266507ACD77214D37ECA3F3082"

dependencies = [
  { name = "Sui" },
]

[[move.package]]
name = "MoveStdlib"
source = { local = "../../../../../sui-framework/packages/move-stdlib" }

[[move.package]]
name = "Sui"
source = { local = "../../../../../sui-framework/packages/sui-framework" }

dependencies = [
  { name = "MoveStdlib" },
]

[move.toolchain-version]
compiler-version = "1.22.0"
edition = "legacy"
flavor = "sui"
