# Generated by move; do not edit
# This file should be checked in.

[move]
version = 4

[pinned.testnet.Bridge]
source = { root = true }
use_environment = "testnet"
manifest_digest = "6DE529827A3780291F53AA8F96E049F504F2F8C6ACD7AB111C9AB7A58B121F08"
deps = { MoveStdlib = "MoveStdlib", Sui = "Sui", SuiSystem = "SuiSystem" }

[pinned.testnet.MoveStdlib]
source = { local = "../move-stdlib" }
use_environment = "testnet"
manifest_digest = "C4FE4C91DE74CBF223B2E380AE40F592177D21870DC2D7EB6227D2D694E05363"
deps = {}

[pinned.testnet.Sui]
source = { local = "../sui-framework" }
use_environment = "testnet"
manifest_digest = "7AFB66695545775FBFBB2D3078ADFD084244D5002392E837FDE21D9EA1C6D01C"
deps = { MoveStdlib = "MoveStdlib" }

[pinned.testnet.SuiSystem]
source = { local = "../sui-system" }
use_environment = "testnet"
manifest_digest = "F1655B9F9B8ECE67FDBA648266DD75B48852F63BF2515856E822586882D1CA2A"
deps = { MoveStdlib = "MoveStdlib", Sui = "Sui" }
