{
  "name": "@sui-wallet-adapter/all-wallets",
  "version": "1.0.0",
  "lockfileVersion": 2,
  "requires": true,
  "packages": {
    "": {
      "name": "@sui-wallet-adapter/all-wallets",
      "version": "1.0.0",
      "license": "ISC",
      "dependencies": {
        "@sui-wallet-adapter/mock-wallet": "file:../mock-wallet",
        "@sui-wallet-adapter/sui-wallet": "file:../sui-wallet"
      },
      "devDependencies": {
        "typescript": "^4.7.4"
      }
    },
    "../mock-wallet": {
      "name": "@sui-wallet-adapter/mock-wallet",
      "version": "1.0.0",
      "license": "ISC",
      "dependencies": {
        "@mysten/sui.js": "^0.8.0",
        "sui-base-wallet-adapter": "file:../../base-adapter"
      },
      "devDependencies": {
        "typescript": "^4.7.4"
      }
    },
    "../sui-wallet": {
      "name": "@sui-wallet-adapter/sui-wallet",
      "version": "1.0.0",
      "license": "ISC",
      "dependencies": {
        "@mysten/sui.js": "^0.8.0",
        "sui-base-wallet-adapter": "file:../../base-adapter"
      },
      "devDependencies": {
        "typescript": "^4.7.4"
      }
    },
    "node_modules/@sui-wallet-adapter/mock-wallet": {
      "resolved": "../mock-wallet",
      "link": true
    },
    "node_modules/@sui-wallet-adapter/sui-wallet": {
      "resolved": "../sui-wallet",
      "link": true
    },
    "node_modules/typescript": {
      "version": "4.7.4",
      "resolved": "https://registry.npmjs.org/typescript/-/typescript-4.7.4.tgz",
      "integrity": "sha512-C0WQT0gezHuw6AdY1M2jxUO83Rjf0HP7Sk1DtXj6j1EwkQNZrHAg2XPWlq62oqEhYvONq5pkC2Y9oPljWToLmQ==",
      "dev": true,
      "bin": {
        "tsc": "bin/tsc",
        "tsserver": "bin/tsserver"
      },
      "engines": {
        "node": ">=4.2.0"
      }
    }
  },
  "dependencies": {
    "@sui-wallet-adapter/mock-wallet": {
      "version": "file:../mock-wallet",
      "requires": {
        "@mysten/sui.js": "^0.8.0",
        "sui-base-wallet-adapter": "file:../../base-adapter",
        "typescript": "^4.7.4"
      }
    },
    "@sui-wallet-adapter/sui-wallet": {
      "version": "file:../sui-wallet",
      "requires": {
        "@mysten/sui.js": "^0.8.0",
        "sui-base-wallet-adapter": "file:../../base-adapter",
        "typescript": "^4.7.4"
      }
    },
    "typescript": {
      "version": "4.7.4",
      "resolved": "https://registry.npmjs.org/typescript/-/typescript-4.7.4.tgz",
      "integrity": "sha512-C0WQT0gezHuw6AdY1M2jxUO83Rjf0HP7Sk1DtXj6j1EwkQNZrHAg2XPWlq62oqEhYvONq5pkC2Y9oPljWToLmQ==",
      "dev": true
    }
  }
}
